// !$*UTF8*$!
{
	archiveVersion = 1;
	classes = {
	};
	objectVersion = 56;
	objects = {

/* Begin PBXBuildFile section */
		5B4593192AE3C60500ACC7B9 /* AppDelegate.swift in Sources */ = {isa = PBXBuildFile; fileRef = 5B4593182AE3C60500ACC7B9 /* AppDelegate.swift */; };
		5B45931B2AE3C60500ACC7B9 /* SceneDelegate.swift in Sources */ = {isa = PBXBuildFile; fileRef = 5B45931A2AE3C60500ACC7B9 /* SceneDelegate.swift */; };
		5B45931D2AE3C60500ACC7B9 /* ViewController.swift in Sources */ = {isa = PBXBuildFile; fileRef = 5B45931C2AE3C60500ACC7B9 /* ViewController.swift */; };
		5B4593222AE3C60B00ACC7B9 /* Assets.xcassets in Resources */ = {isa = PBXBuildFile; fileRef = 5B4593212AE3C60B00ACC7B9 /* Assets.xcassets */; };
		5B4593252AE3C60B00ACC7B9 /* LaunchScreen.storyboard in Resources */ = {isa = PBXBuildFile; fileRef = 5B4593232AE3C60B00ACC7B9 /* LaunchScreen.storyboard */; };
		5B45932D2AE3C78000ACC7B9 /* GoogleService-Info.plist in Resources */ = {isa = PBXBuildFile; fileRef = 5B45932C2AE3C78000ACC7B9 /* GoogleService-Info.plist */; };
		5B4593302AE3C7EC00ACC7B9 /* FirebaseAnalytics in Frameworks */ = {isa = PBXBuildFile; productRef = 5B45932F2AE3C7EC00ACC7B9 /* FirebaseAnalytics */; };
		5B4593322AE3C7EC00ACC7B9 /* FirebaseAnalyticsOnDeviceConversion in Frameworks */ = {isa = PBXBuildFile; productRef = 5B4593312AE3C7EC00ACC7B9 /* FirebaseAnalyticsOnDeviceConversion */; };
		5B4593342AE3C7EC00ACC7B9 /* FirebaseAnalyticsSwift in Frameworks */ = {isa = PBXBuildFile; productRef = 5B4593332AE3C7EC00ACC7B9 /* FirebaseAnalyticsSwift */; };
		5B4593362AE3C7EC00ACC7B9 /* FirebaseAnalyticsWithoutAdIdSupport in Frameworks */ = {isa = PBXBuildFile; productRef = 5B4593352AE3C7EC00ACC7B9 /* FirebaseAnalyticsWithoutAdIdSupport */; };
		5B4593382AE3C7EC00ACC7B9 /* FirebaseAppCheck in Frameworks */ = {isa = PBXBuildFile; productRef = 5B4593372AE3C7EC00ACC7B9 /* FirebaseAppCheck */; };
		5B45933A2AE3C7EC00ACC7B9 /* FirebaseAppDistribution-Beta in Frameworks */ = {isa = PBXBuildFile; productRef = 5B4593392AE3C7EC00ACC7B9 /* FirebaseAppDistribution-Beta */; };
		5B45933C2AE3C7EC00ACC7B9 /* FirebaseAuth in Frameworks */ = {isa = PBXBuildFile; productRef = 5B45933B2AE3C7EC00ACC7B9 /* FirebaseAuth */; };
		5B45933E2AE3C7EC00ACC7B9 /* FirebaseAuthCombine-Community in Frameworks */ = {isa = PBXBuildFile; productRef = 5B45933D2AE3C7EC00ACC7B9 /* FirebaseAuthCombine-Community */; };
		5B4593402AE3C7EC00ACC7B9 /* FirebaseCrashlytics in Frameworks */ = {isa = PBXBuildFile; productRef = 5B45933F2AE3C7EC00ACC7B9 /* FirebaseCrashlytics */; };
		5B4593422AE3C7EC00ACC7B9 /* FirebaseDatabase in Frameworks */ = {isa = PBXBuildFile; productRef = 5B4593412AE3C7EC00ACC7B9 /* FirebaseDatabase */; };
		5B4593442AE3C7EC00ACC7B9 /* FirebaseDatabaseSwift in Frameworks */ = {isa = PBXBuildFile; productRef = 5B4593432AE3C7EC00ACC7B9 /* FirebaseDatabaseSwift */; };
		5B4593462AE3C7EC00ACC7B9 /* FirebaseDynamicLinks in Frameworks */ = {isa = PBXBuildFile; productRef = 5B4593452AE3C7EC00ACC7B9 /* FirebaseDynamicLinks */; };
		5B4593482AE3C7EC00ACC7B9 /* FirebaseFirestore in Frameworks */ = {isa = PBXBuildFile; productRef = 5B4593472AE3C7EC00ACC7B9 /* FirebaseFirestore */; };
		5B45934A2AE3C7EC00ACC7B9 /* FirebaseFirestoreCombine-Community in Frameworks */ = {isa = PBXBuildFile; productRef = 5B4593492AE3C7EC00ACC7B9 /* FirebaseFirestoreCombine-Community */; };
		5B45934C2AE3C7EC00ACC7B9 /* FirebaseFirestoreSwift in Frameworks */ = {isa = PBXBuildFile; productRef = 5B45934B2AE3C7EC00ACC7B9 /* FirebaseFirestoreSwift */; };
		5B45934E2AE3C7EC00ACC7B9 /* FirebaseFunctions in Frameworks */ = {isa = PBXBuildFile; productRef = 5B45934D2AE3C7EC00ACC7B9 /* FirebaseFunctions */; };
		5B4593502AE3C7EC00ACC7B9 /* FirebaseFunctionsCombine-Community in Frameworks */ = {isa = PBXBuildFile; productRef = 5B45934F2AE3C7EC00ACC7B9 /* FirebaseFunctionsCombine-Community */; };
		5B4593522AE3C7EC00ACC7B9 /* FirebaseInAppMessaging-Beta in Frameworks */ = {isa = PBXBuildFile; productRef = 5B4593512AE3C7EC00ACC7B9 /* FirebaseInAppMessaging-Beta */; };
		5B4593542AE3C7EC00ACC7B9 /* FirebaseInAppMessagingSwift-Beta in Frameworks */ = {isa = PBXBuildFile; productRef = 5B4593532AE3C7EC00ACC7B9 /* FirebaseInAppMessagingSwift-Beta */; };
		5B4593562AE3C7EC00ACC7B9 /* FirebaseInstallations in Frameworks */ = {isa = PBXBuildFile; productRef = 5B4593552AE3C7EC00ACC7B9 /* FirebaseInstallations */; };
		5B4593582AE3C7EC00ACC7B9 /* FirebaseMLModelDownloader in Frameworks */ = {isa = PBXBuildFile; productRef = 5B4593572AE3C7EC00ACC7B9 /* FirebaseMLModelDownloader */; };
		5B45935A2AE3C7EC00ACC7B9 /* FirebaseMessaging in Frameworks */ = {isa = PBXBuildFile; productRef = 5B4593592AE3C7EC00ACC7B9 /* FirebaseMessaging */; };
		5B45935C2AE3C7EC00ACC7B9 /* FirebasePerformance in Frameworks */ = {isa = PBXBuildFile; productRef = 5B45935B2AE3C7EC00ACC7B9 /* FirebasePerformance */; };
		5B45935E2AE3C7EC00ACC7B9 /* FirebaseRemoteConfig in Frameworks */ = {isa = PBXBuildFile; productRef = 5B45935D2AE3C7EC00ACC7B9 /* FirebaseRemoteConfig */; };
		5B4593602AE3C7EC00ACC7B9 /* FirebaseRemoteConfigSwift in Frameworks */ = {isa = PBXBuildFile; productRef = 5B45935F2AE3C7EC00ACC7B9 /* FirebaseRemoteConfigSwift */; };
		5B4593622AE3C7EC00ACC7B9 /* FirebaseStorage in Frameworks */ = {isa = PBXBuildFile; productRef = 5B4593612AE3C7EC00ACC7B9 /* FirebaseStorage */; };
		5B4593642AE3C7EC00ACC7B9 /* FirebaseStorageCombine-Community in Frameworks */ = {isa = PBXBuildFile; productRef = 5B4593632AE3C7EC00ACC7B9 /* FirebaseStorageCombine-Community */; };
		5B4593662AE3DA6800ACC7B9 /* NotificationManager.swift in Sources */ = {isa = PBXBuildFile; fileRef = 5B4593652AE3DA6800ACC7B9 /* NotificationManager.swift */; };
/* End PBXBuildFile section */

/* Begin PBXFileReference section */
		5B4593152AE3C60500ACC7B9 /* hackathonApp.app */ = {isa = PBXFileReference; explicitFileType = wrapper.application; includeInIndex = 0; path = hackathonApp.app; sourceTree = BUILT_PRODUCTS_DIR; };
		5B4593182AE3C60500ACC7B9 /* AppDelegate.swift */ = {isa = PBXFileReference; lastKnownFileType = sourcecode.swift; path = AppDelegate.swift; sourceTree = "<group>"; };
		5B45931A2AE3C60500ACC7B9 /* SceneDelegate.swift */ = {isa = PBXFileReference; lastKnownFileType = sourcecode.swift; path = SceneDelegate.swift; sourceTree = "<group>"; };
		5B45931C2AE3C60500ACC7B9 /* ViewController.swift */ = {isa = PBXFileReference; lastKnownFileType = sourcecode.swift; path = ViewController.swift; sourceTree = "<group>"; };
		5B4593212AE3C60B00ACC7B9 /* Assets.xcassets */ = {isa = PBXFileReference; lastKnownFileType = folder.assetcatalog; path = Assets.xcassets; sourceTree = "<group>"; };
		5B4593242AE3C60B00ACC7B9 /* Base */ = {isa = PBXFileReference; lastKnownFileType = file.storyboard; name = Base; path = Base.lproj/LaunchScreen.storyboard; sourceTree = "<group>"; };
		5B4593262AE3C60B00ACC7B9 /* Info.plist */ = {isa = PBXFileReference; lastKnownFileType = text.plist.xml; path = Info.plist; sourceTree = "<group>"; };
		5B45932C2AE3C78000ACC7B9 /* GoogleService-Info.plist */ = {isa = PBXFileReference; fileEncoding = 4; lastKnownFileType = text.plist.xml; path = "GoogleService-Info.plist"; sourceTree = "<group>"; };
		5B4593652AE3DA6800ACC7B9 /* NotificationManager.swift */ = {isa = PBXFileReference; lastKnownFileType = sourcecode.swift; path = NotificationManager.swift; sourceTree = "<group>"; };
/* End PBXFileReference section */

/* Begin PBXFrameworksBuildPhase section */
		5B4593122AE3C60500ACC7B9 /* Frameworks */ = {
			isa = PBXFrameworksBuildPhase;
			buildActionMask = 2147483647;
			files = (
				5B4593422AE3C7EC00ACC7B9 /* FirebaseDatabase in Frameworks */,
				5B4593502AE3C7EC00ACC7B9 /* FirebaseFunctionsCombine-Community in Frameworks */,
				5B4593482AE3C7EC00ACC7B9 /* FirebaseFirestore in Frameworks */,
				5B4593342AE3C7EC00ACC7B9 /* FirebaseAnalyticsSwift in Frameworks */,
				5B4593302AE3C7EC00ACC7B9 /* FirebaseAnalytics in Frameworks */,
				5B4593322AE3C7EC00ACC7B9 /* FirebaseAnalyticsOnDeviceConversion in Frameworks */,
				5B4593582AE3C7EC00ACC7B9 /* FirebaseMLModelDownloader in Frameworks */,
				5B45934C2AE3C7EC00ACC7B9 /* FirebaseFirestoreSwift in Frameworks */,
				5B4593382AE3C7EC00ACC7B9 /* FirebaseAppCheck in Frameworks */,
				5B4593362AE3C7EC00ACC7B9 /* FirebaseAnalyticsWithoutAdIdSupport in Frameworks */,
				5B45933C2AE3C7EC00ACC7B9 /* FirebaseAuth in Frameworks */,
				5B4593402AE3C7EC00ACC7B9 /* FirebaseCrashlytics in Frameworks */,
				5B4593602AE3C7EC00ACC7B9 /* FirebaseRemoteConfigSwift in Frameworks */,
				5B4593522AE3C7EC00ACC7B9 /* FirebaseInAppMessaging-Beta in Frameworks */,
				5B4593442AE3C7EC00ACC7B9 /* FirebaseDatabaseSwift in Frameworks */,
				5B45934E2AE3C7EC00ACC7B9 /* FirebaseFunctions in Frameworks */,
				5B4593642AE3C7EC00ACC7B9 /* FirebaseStorageCombine-Community in Frameworks */,
				5B45935E2AE3C7EC00ACC7B9 /* FirebaseRemoteConfig in Frameworks */,
				5B45933A2AE3C7EC00ACC7B9 /* FirebaseAppDistribution-Beta in Frameworks */,
				5B45933E2AE3C7EC00ACC7B9 /* FirebaseAuthCombine-Community in Frameworks */,
				5B45935C2AE3C7EC00ACC7B9 /* FirebasePerformance in Frameworks */,
				5B4593542AE3C7EC00ACC7B9 /* FirebaseInAppMessagingSwift-Beta in Frameworks */,
				5B4593622AE3C7EC00ACC7B9 /* FirebaseStorage in Frameworks */,
				5B4593462AE3C7EC00ACC7B9 /* FirebaseDynamicLinks in Frameworks */,
				5B45934A2AE3C7EC00ACC7B9 /* FirebaseFirestoreCombine-Community in Frameworks */,
				5B45935A2AE3C7EC00ACC7B9 /* FirebaseMessaging in Frameworks */,
				5B4593562AE3C7EC00ACC7B9 /* FirebaseInstallations in Frameworks */,
			);
			runOnlyForDeploymentPostprocessing = 0;
		};
/* End PBXFrameworksBuildPhase section */

/* Begin PBXGroup section */
		5B45930C2AE3C60500ACC7B9 = {
			isa = PBXGroup;
			children = (
				5B4593172AE3C60500ACC7B9 /* hackathonApp */,
				5B4593162AE3C60500ACC7B9 /* Products */,
			);
			sourceTree = "<group>";
		};
		5B4593162AE3C60500ACC7B9 /* Products */ = {
			isa = PBXGroup;
			children = (
				5B4593152AE3C60500ACC7B9 /* hackathonApp.app */,
			);
			name = Products;
			sourceTree = "<group>";
		};
		5B4593172AE3C60500ACC7B9 /* hackathonApp */ = {
			isa = PBXGroup;
			children = (
				5B4593182AE3C60500ACC7B9 /* AppDelegate.swift */,
				5B45931A2AE3C60500ACC7B9 /* SceneDelegate.swift */,
				5B45931C2AE3C60500ACC7B9 /* ViewController.swift */,
				5B4593212AE3C60B00ACC7B9 /* Assets.xcassets */,
				5B4593232AE3C60B00ACC7B9 /* LaunchScreen.storyboard */,
				5B4593262AE3C60B00ACC7B9 /* Info.plist */,
				5B45932C2AE3C78000ACC7B9 /* GoogleService-Info.plist */,
				5B4593652AE3DA6800ACC7B9 /* NotificationManager.swift */,
			);
			path = hackathonApp;
			sourceTree = "<group>";
		};
/* End PBXGroup section */

/* Begin PBXNativeTarget section */
		5B4593142AE3C60500ACC7B9 /* hackathonApp */ = {
			isa = PBXNativeTarget;
			buildConfigurationList = 5B4593292AE3C60B00ACC7B9 /* Build configuration list for PBXNativeTarget "hackathonApp" */;
			buildPhases = (
				5B4593112AE3C60500ACC7B9 /* Sources */,
				5B4593122AE3C60500ACC7B9 /* Frameworks */,
				5B4593132AE3C60500ACC7B9 /* Resources */,
			);
			buildRules = (
			);
			dependencies = (
			);
			name = hackathonApp;
			packageProductDependencies = (
				5B45932F2AE3C7EC00ACC7B9 /* FirebaseAnalytics */,
				5B4593312AE3C7EC00ACC7B9 /* FirebaseAnalyticsOnDeviceConversion */,
				5B4593332AE3C7EC00ACC7B9 /* FirebaseAnalyticsSwift */,
				5B4593352AE3C7EC00ACC7B9 /* FirebaseAnalyticsWithoutAdIdSupport */,
				5B4593372AE3C7EC00ACC7B9 /* FirebaseAppCheck */,
				5B4593392AE3C7EC00ACC7B9 /* FirebaseAppDistribution-Beta */,
				5B45933B2AE3C7EC00ACC7B9 /* FirebaseAuth */,
				5B45933D2AE3C7EC00ACC7B9 /* FirebaseAuthCombine-Community */,
				5B45933F2AE3C7EC00ACC7B9 /* FirebaseCrashlytics */,
				5B4593412AE3C7EC00ACC7B9 /* FirebaseDatabase */,
				5B4593432AE3C7EC00ACC7B9 /* FirebaseDatabaseSwift */,
				5B4593452AE3C7EC00ACC7B9 /* FirebaseDynamicLinks */,
				5B4593472AE3C7EC00ACC7B9 /* FirebaseFirestore */,
				5B4593492AE3C7EC00ACC7B9 /* FirebaseFirestoreCombine-Community */,
				5B45934B2AE3C7EC00ACC7B9 /* FirebaseFirestoreSwift */,
				5B45934D2AE3C7EC00ACC7B9 /* FirebaseFunctions */,
				5B45934F2AE3C7EC00ACC7B9 /* FirebaseFunctionsCombine-Community */,
				5B4593512AE3C7EC00ACC7B9 /* FirebaseInAppMessaging-Beta */,
				5B4593532AE3C7EC00ACC7B9 /* FirebaseInAppMessagingSwift-Beta */,
				5B4593552AE3C7EC00ACC7B9 /* FirebaseInstallations */,
				5B4593572AE3C7EC00ACC7B9 /* FirebaseMLModelDownloader */,
				5B4593592AE3C7EC00ACC7B9 /* FirebaseMessaging */,
				5B45935B2AE3C7EC00ACC7B9 /* FirebasePerformance */,
				5B45935D2AE3C7EC00ACC7B9 /* FirebaseRemoteConfig */,
				5B45935F2AE3C7EC00ACC7B9 /* FirebaseRemoteConfigSwift */,
				5B4593612AE3C7EC00ACC7B9 /* FirebaseStorage */,
				5B4593632AE3C7EC00ACC7B9 /* FirebaseStorageCombine-Community */,
			);
			productName = hackathonApp;
			productReference = 5B4593152AE3C60500ACC7B9 /* hackathonApp.app */;
			productType = "com.apple.product-type.application";
		};
/* End PBXNativeTarget section */

/* Begin PBXProject section */
		5B45930D2AE3C60500ACC7B9 /* Project object */ = {
			isa = PBXProject;
			attributes = {
				BuildIndependentTargetsInParallel = 1;
				LastSwiftUpdateCheck = 1500;
				LastUpgradeCheck = 1500;
				TargetAttributes = {
					5B4593142AE3C60500ACC7B9 = {
						CreatedOnToolsVersion = 15.0;
					};
				};
			};
			buildConfigurationList = 5B4593102AE3C60500ACC7B9 /* Build configuration list for PBXProject "hackathonApp" */;
			compatibilityVersion = "Xcode 14.0";
			developmentRegion = en;
			hasScannedForEncodings = 0;
			knownRegions = (
				en,
				Base,
			);
			mainGroup = 5B45930C2AE3C60500ACC7B9;
			packageReferences = (
				5B45932E2AE3C7EC00ACC7B9 /* XCRemoteSwiftPackageReference "firebase-ios-sdk" */,
			);
			productRefGroup = 5B4593162AE3C60500ACC7B9 /* Products */;
			projectDirPath = "";
			projectRoot = "";
			targets = (
				5B4593142AE3C60500ACC7B9 /* hackathonApp */,
			);
		};
/* End PBXProject section */

/* Begin PBXResourcesBuildPhase section */
		5B4593132AE3C60500ACC7B9 /* Resources */ = {
			isa = PBXResourcesBuildPhase;
			buildActionMask = 2147483647;
			files = (
				5B4593252AE3C60B00ACC7B9 /* LaunchScreen.storyboard in Resources */,
				5B45932D2AE3C78000ACC7B9 /* GoogleService-Info.plist in Resources */,
				5B4593222AE3C60B00ACC7B9 /* Assets.xcassets in Resources */,
			);
			runOnlyForDeploymentPostprocessing = 0;
		};
/* End PBXResourcesBuildPhase section */

/* Begin PBXSourcesBuildPhase section */
		5B4593112AE3C60500ACC7B9 /* Sources */ = {
			isa = PBXSourcesBuildPhase;
			buildActionMask = 2147483647;
			files = (
				5B45931D2AE3C60500ACC7B9 /* ViewController.swift in Sources */,
				5B4593192AE3C60500ACC7B9 /* AppDelegate.swift in Sources */,
				5B4593662AE3DA6800ACC7B9 /* NotificationManager.swift in Sources */,
				5B45931B2AE3C60500ACC7B9 /* SceneDelegate.swift in Sources */,
			);
			runOnlyForDeploymentPostprocessing = 0;
		};
/* End PBXSourcesBuildPhase section */

/* Begin PBXVariantGroup section */
		5B4593232AE3C60B00ACC7B9 /* LaunchScreen.storyboard */ = {
			isa = PBXVariantGroup;
			children = (
				5B4593242AE3C60B00ACC7B9 /* Base */,
			);
			name = LaunchScreen.storyboard;
			sourceTree = "<group>";
		};
/* End PBXVariantGroup section */

/* Begin XCBuildConfiguration section */
		5B4593272AE3C60B00ACC7B9 /* Debug */ = {
			isa = XCBuildConfiguration;
			buildSettings = {
				ALWAYS_SEARCH_USER_PATHS = NO;
				ASSETCATALOG_COMPILER_GENERATE_SWIFT_ASSET_SYMBOL_EXTENSIONS = YES;
				CLANG_ANALYZER_NONNULL = YES;
				CLANG_ANALYZER_NUMBER_OBJECT_CONVERSION = YES_AGGRESSIVE;
				CLANG_CXX_LANGUAGE_STANDARD = "gnu++20";
				CLANG_ENABLE_MODULES = YES;
				CLANG_ENABLE_OBJC_ARC = YES;
				CLANG_ENABLE_OBJC_WEAK = YES;
				CLANG_WARN_BLOCK_CAPTURE_AUTORELEASING = YES;
				CLANG_WARN_BOOL_CONVERSION = YES;
				CLANG_WARN_COMMA = YES;
				CLANG_WARN_CONSTANT_CONVERSION = YES;
				CLANG_WARN_DEPRECATED_OBJC_IMPLEMENTATIONS = YES;
				CLANG_WARN_DIRECT_OBJC_ISA_USAGE = YES_ERROR;
				CLANG_WARN_DOCUMENTATION_COMMENTS = YES;
				CLANG_WARN_EMPTY_BODY = YES;
				CLANG_WARN_ENUM_CONVERSION = YES;
				CLANG_WARN_INFINITE_RECURSION = YES;
				CLANG_WARN_INT_CONVERSION = YES;
				CLANG_WARN_NON_LITERAL_NULL_CONVERSION = YES;
				CLANG_WARN_OBJC_IMPLICIT_RETAIN_SELF = YES;
				CLANG_WARN_OBJC_LITERAL_CONVERSION = YES;
				CLANG_WARN_OBJC_ROOT_CLASS = YES_ERROR;
				CLANG_WARN_QUOTED_INCLUDE_IN_FRAMEWORK_HEADER = YES;
				CLANG_WARN_RANGE_LOOP_ANALYSIS = YES;
				CLANG_WARN_STRICT_PROTOTYPES = YES;
				CLANG_WARN_SUSPICIOUS_MOVE = YES;
				CLANG_WARN_UNGUARDED_AVAILABILITY = YES_AGGRESSIVE;
				CLANG_WARN_UNREACHABLE_CODE = YES;
				CLANG_WARN__DUPLICATE_METHOD_MATCH = YES;
				COPY_PHASE_STRIP = NO;
				DEBUG_INFORMATION_FORMAT = dwarf;
				ENABLE_STRICT_OBJC_MSGSEND = YES;
				ENABLE_TESTABILITY = YES;
				ENABLE_USER_SCRIPT_SANDBOXING = YES;
				GCC_C_LANGUAGE_STANDARD = gnu17;
				GCC_DYNAMIC_NO_PIC = NO;
				GCC_NO_COMMON_BLOCKS = YES;
				GCC_OPTIMIZATION_LEVEL = 0;
				GCC_PREPROCESSOR_DEFINITIONS = (
					"DEBUG=1",
					"$(inherited)",
				);
				GCC_WARN_64_TO_32_BIT_CONVERSION = YES;
				GCC_WARN_ABOUT_RETURN_TYPE = YES_ERROR;
				GCC_WARN_UNDECLARED_SELECTOR = YES;
				GCC_WARN_UNINITIALIZED_AUTOS = YES_AGGRESSIVE;
				GCC_WARN_UNUSED_FUNCTION = YES;
				GCC_WARN_UNUSED_VARIABLE = YES;
				IPHONEOS_DEPLOYMENT_TARGET = 17.0;
				LOCALIZATION_PREFERS_STRING_CATALOGS = YES;
				MTL_ENABLE_DEBUG_INFO = INCLUDE_SOURCE;
				MTL_FAST_MATH = YES;
				ONLY_ACTIVE_ARCH = YES;
				SDKROOT = iphoneos;
				SWIFT_ACTIVE_COMPILATION_CONDITIONS = "DEBUG $(inherited)";
				SWIFT_OPTIMIZATION_LEVEL = "-Onone";
			};
			name = Debug;
		};
		5B4593282AE3C60B00ACC7B9 /* Release */ = {
			isa = XCBuildConfiguration;
			buildSettings = {
				ALWAYS_SEARCH_USER_PATHS = NO;
				ASSETCATALOG_COMPILER_GENERATE_SWIFT_ASSET_SYMBOL_EXTENSIONS = YES;
				CLANG_ANALYZER_NONNULL = YES;
				CLANG_ANALYZER_NUMBER_OBJECT_CONVERSION = YES_AGGRESSIVE;
				CLANG_CXX_LANGUAGE_STANDARD = "gnu++20";
				CLANG_ENABLE_MODULES = YES;
				CLANG_ENABLE_OBJC_ARC = YES;
				CLANG_ENABLE_OBJC_WEAK = YES;
				CLANG_WARN_BLOCK_CAPTURE_AUTORELEASING = YES;
				CLANG_WARN_BOOL_CONVERSION = YES;
				CLANG_WARN_COMMA = YES;
				CLANG_WARN_CONSTANT_CONVERSION = YES;
				CLANG_WARN_DEPRECATED_OBJC_IMPLEMENTATIONS = YES;
				CLANG_WARN_DIRECT_OBJC_ISA_USAGE = YES_ERROR;
				CLANG_WARN_DOCUMENTATION_COMMENTS = YES;
				CLANG_WARN_EMPTY_BODY = YES;
				CLANG_WARN_ENUM_CONVERSION = YES;
				CLANG_WARN_INFINITE_RECURSION = YES;
				CLANG_WARN_INT_CONVERSION = YES;
				CLANG_WARN_NON_LITERAL_NULL_CONVERSION = YES;
				CLANG_WARN_OBJC_IMPLICIT_RETAIN_SELF = YES;
				CLANG_WARN_OBJC_LITERAL_CONVERSION = YES;
				CLANG_WARN_OBJC_ROOT_CLASS = YES_ERROR;
				CLANG_WARN_QUOTED_INCLUDE_IN_FRAMEWORK_HEADER = YES;
				CLANG_WARN_RANGE_LOOP_ANALYSIS = YES;
				CLANG_WARN_STRICT_PROTOTYPES = YES;
				CLANG_WARN_SUSPICIOUS_MOVE = YES;
				CLANG_WARN_UNGUARDED_AVAILABILITY = YES_AGGRESSIVE;
				CLANG_WARN_UNREACHABLE_CODE = YES;
				CLANG_WARN__DUPLICATE_METHOD_MATCH = YES;
				COPY_PHASE_STRIP = NO;
				DEBUG_INFORMATION_FORMAT = "dwarf-with-dsym";
				ENABLE_NS_ASSERTIONS = NO;
				ENABLE_STRICT_OBJC_MSGSEND = YES;
				ENABLE_USER_SCRIPT_SANDBOXING = YES;
				GCC_C_LANGUAGE_STANDARD = gnu17;
				GCC_NO_COMMON_BLOCKS = YES;
				GCC_WARN_64_TO_32_BIT_CONVERSION = YES;
				GCC_WARN_ABOUT_RETURN_TYPE = YES_ERROR;
				GCC_WARN_UNDECLARED_SELECTOR = YES;
				GCC_WARN_UNINITIALIZED_AUTOS = YES_AGGRESSIVE;
				GCC_WARN_UNUSED_FUNCTION = YES;
				GCC_WARN_UNUSED_VARIABLE = YES;
				IPHONEOS_DEPLOYMENT_TARGET = 17.0;
				LOCALIZATION_PREFERS_STRING_CATALOGS = YES;
				MTL_ENABLE_DEBUG_INFO = NO;
				MTL_FAST_MATH = YES;
				SDKROOT = iphoneos;
				SWIFT_COMPILATION_MODE = wholemodule;
				VALIDATE_PRODUCT = YES;
			};
			name = Release;
		};
		5B45932A2AE3C60B00ACC7B9 /* Debug */ = {
			isa = XCBuildConfiguration;
			buildSettings = {
				ASSETCATALOG_COMPILER_APPICON_NAME = AppIcon;
				ASSETCATALOG_COMPILER_GLOBAL_ACCENT_COLOR_NAME = AccentColor;
				CODE_SIGN_STYLE = Automatic;
				CURRENT_PROJECT_VERSION = 1;
				DEVELOPMENT_TEAM = 88H5UYEH5N;
				GENERATE_INFOPLIST_FILE = YES;
				INFOPLIST_FILE = hackathonApp/Info.plist;
				INFOPLIST_KEY_UIApplicationSupportsIndirectInputEvents = YES;
				INFOPLIST_KEY_UILaunchStoryboardName = LaunchScreen;
				INFOPLIST_KEY_UISupportedInterfaceOrientations_iPad = "UIInterfaceOrientationPortrait UIInterfaceOrientationPortraitUpsideDown UIInterfaceOrientationLandscapeLeft UIInterfaceOrientationLandscapeRight";
				INFOPLIST_KEY_UISupportedInterfaceOrientations_iPhone = "UIInterfaceOrientationPortrait UIInterfaceOrientationLandscapeLeft UIInterfaceOrientationLandscapeRight";
				LD_RUNPATH_SEARCH_PATHS = (
					"$(inherited)",
					"@executable_path/Frameworks",
				);
				MARKETING_VERSION = 1.0;
				PRODUCT_BUNDLE_IDENTIFIER = com.fsafasfasf.nhhh.hackathonApp;
				PRODUCT_NAME = "$(TARGET_NAME)";
				SWIFT_EMIT_LOC_STRINGS = YES;
				SWIFT_VERSION = 5.0;
				TARGETED_DEVICE_FAMILY = "1,2";
			};
			name = Debug;
		};
		5B45932B2AE3C60B00ACC7B9 /* Release */ = {
			isa = XCBuildConfiguration;
			buildSettings = {
				ASSETCATALOG_COMPILER_APPICON_NAME = AppIcon;
				ASSETCATALOG_COMPILER_GLOBAL_ACCENT_COLOR_NAME = AccentColor;
				CODE_SIGN_STYLE = Automatic;
				CURRENT_PROJECT_VERSION = 1;
				DEVELOPMENT_TEAM = 88H5UYEH5N;
				GENERATE_INFOPLIST_FILE = YES;
				INFOPLIST_FILE = hackathonApp/Info.plist;
				INFOPLIST_KEY_UIApplicationSupportsIndirectInputEvents = YES;
				INFOPLIST_KEY_UILaunchStoryboardName = LaunchScreen;
				INFOPLIST_KEY_UISupportedInterfaceOrientations_iPad = "UIInterfaceOrientationPortrait UIInterfaceOrientationPortraitUpsideDown UIInterfaceOrientationLandscapeLeft UIInterfaceOrientationLandscapeRight";
				INFOPLIST_KEY_UISupportedInterfaceOrientations_iPhone = "UIInterfaceOrientationPortrait UIInterfaceOrientationLandscapeLeft UIInterfaceOrientationLandscapeRight";
				LD_RUNPATH_SEARCH_PATHS = (
					"$(inherited)",
					"@executable_path/Frameworks",
				);
				MARKETING_VERSION = 1.0;
				PRODUCT_BUNDLE_IDENTIFIER = com.fsafasfasf.nhhh.hackathonApp;
				PRODUCT_NAME = "$(TARGET_NAME)";
				SWIFT_EMIT_LOC_STRINGS = YES;
				SWIFT_VERSION = 5.0;
				TARGETED_DEVICE_FAMILY = "1,2";
			};
			name = Release;
		};
/* End XCBuildConfiguration section */

/* Begin XCConfigurationList section */
		5B4593102AE3C60500ACC7B9 /* Build configuration list for PBXProject "hackathonApp" */ = {
			isa = XCConfigurationList;
			buildConfigurations = (
				5B4593272AE3C60B00ACC7B9 /* Debug */,
				5B4593282AE3C60B00ACC7B9 /* Release */,
			);
			defaultConfigurationIsVisible = 0;
			defaultConfigurationName = Release;
		};
		5B4593292AE3C60B00ACC7B9 /* Build configuration list for PBXNativeTarget "hackathonApp" */ = {
			isa = XCConfigurationList;
			buildConfigurations = (
				5B45932A2AE3C60B00ACC7B9 /* Debug */,
				5B45932B2AE3C60B00ACC7B9 /* Release */,
			);
			defaultConfigurationIsVisible = 0;
			defaultConfigurationName = Release;
		};
/* End XCConfigurationList section */

/* Begin XCRemoteSwiftPackageReference section */
		5B45932E2AE3C7EC00ACC7B9 /* XCRemoteSwiftPackageReference "firebase-ios-sdk" */ = {
			isa = XCRemoteSwiftPackageReference;
			repositoryURL = "https://github.com/firebase/firebase-ios-sdk";
			requirement = {
				kind = upToNextMajorVersion;
				minimumVersion = 10.16.0;
			};
		};
/* End XCRemoteSwiftPackageReference section */

/* Begin XCSwiftPackageProductDependency section */
		5B45932F2AE3C7EC00ACC7B9 /* FirebaseAnalytics */ = {
			isa = XCSwiftPackageProductDependency;
			package = 5B45932E2AE3C7EC00ACC7B9 /* XCRemoteSwiftPackageReference "firebase-ios-sdk" */;
			productName = FirebaseAnalytics;
		};
		5B4593312AE3C7EC00ACC7B9 /* FirebaseAnalyticsOnDeviceConversion */ = {
			isa = XCSwiftPackageProductDependency;
			package = 5B45932E2AE3C7EC00ACC7B9 /* XCRemoteSwiftPackageReference "firebase-ios-sdk" */;
			productName = FirebaseAnalyticsOnDeviceConversion;
		};
		5B4593332AE3C7EC00ACC7B9 /* FirebaseAnalyticsSwift */ = {
			isa = XCSwiftPackageProductDependency;
			package = 5B45932E2AE3C7EC00ACC7B9 /* XCRemoteSwiftPackageReference "firebase-ios-sdk" */;
			productName = FirebaseAnalyticsSwift;
		};
		5B4593352AE3C7EC00ACC7B9 /* FirebaseAnalyticsWithoutAdIdSupport */ = {
			isa = XCSwiftPackageProductDependency;
			package = 5B45932E2AE3C7EC00ACC7B9 /* XCRemoteSwiftPackageReference "firebase-ios-sdk" */;
			productName = FirebaseAnalyticsWithoutAdIdSupport;
		};
		5B4593372AE3C7EC00ACC7B9 /* FirebaseAppCheck */ = {
			isa = XCSwiftPackageProductDependency;
			package = 5B45932E2AE3C7EC00ACC7B9 /* XCRemoteSwiftPackageReference "firebase-ios-sdk" */;
			productName = FirebaseAppCheck;
		};
		5B4593392AE3C7EC00ACC7B9 /* FirebaseAppDistribution-Beta */ = {
			isa = XCSwiftPackageProductDependency;
			package = 5B45932E2AE3C7EC00ACC7B9 /* XCRemoteSwiftPackageReference "firebase-ios-sdk" */;
			productName = "FirebaseAppDistribution-Beta";
		};
		5B45933B2AE3C7EC00ACC7B9 /* FirebaseAuth */ = {
			isa = XCSwiftPackageProductDependency;
			package = 5B45932E2AE3C7EC00ACC7B9 /* XCRemoteSwiftPackageReference "firebase-ios-sdk" */;
			productName = FirebaseAuth;
		};
		5B45933D2AE3C7EC00ACC7B9 /* FirebaseAuthCombine-Community */ = {
			isa = XCSwiftPackageProductDependency;
			package = 5B45932E2AE3C7EC00ACC7B9 /* XCRemoteSwiftPackageReference "firebase-ios-sdk" */;
			productName = "FirebaseAuthCombine-Community";
		};
		5B45933F2AE3C7EC00ACC7B9 /* FirebaseCrashlytics */ = {
			isa = XCSwiftPackageProductDependency;
			package = 5B45932E2AE3C7EC00ACC7B9 /* XCRemoteSwiftPackageReference "firebase-ios-sdk" */;
			productName = FirebaseCrashlytics;
		};
		5B4593412AE3C7EC00ACC7B9 /* FirebaseDatabase */ = {
			isa = XCSwiftPackageProductDependency;
			package = 5B45932E2AE3C7EC00ACC7B9 /* XCRemoteSwiftPackageReference "firebase-ios-sdk" */;
			productName = FirebaseDatabase;
		};
		5B4593432AE3C7EC00ACC7B9 /* FirebaseDatabaseSwift */ = {
			isa = XCSwiftPackageProductDependency;
			package = 5B45932E2AE3C7EC00ACC7B9 /* XCRemoteSwiftPackageReference "firebase-ios-sdk" */;
			productName = FirebaseDatabaseSwift;
		};
		5B4593452AE3C7EC00ACC7B9 /* FirebaseDynamicLinks */ = {
			isa = XCSwiftPackageProductDependency;
			package = 5B45932E2AE3C7EC00ACC7B9 /* XCRemoteSwiftPackageReference "firebase-ios-sdk" */;
			productName = FirebaseDynamicLinks;
		};
		5B4593472AE3C7EC00ACC7B9 /* FirebaseFirestore */ = {
			isa = XCSwiftPackageProductDependency;
			package = 5B45932E2AE3C7EC00ACC7B9 /* XCRemoteSwiftPackageReference "firebase-ios-sdk" */;
			productName = FirebaseFirestore;
		};
		5B4593492AE3C7EC00ACC7B9 /* FirebaseFirestoreCombine-Community */ = {
			isa = XCSwiftPackageProductDependency;
			package = 5B45932E2AE3C7EC00ACC7B9 /* XCRemoteSwiftPackageReference "firebase-ios-sdk" */;
			productName = "FirebaseFirestoreCombine-Community";
		};
		5B45934B2AE3C7EC00ACC7B9 /* FirebaseFirestoreSwift */ = {
			isa = XCSwiftPackageProductDependency;
			package = 5B45932E2AE3C7EC00ACC7B9 /* XCRemoteSwiftPackageReference "firebase-ios-sdk" */;
			productName = FirebaseFirestoreSwift;
		};
		5B45934D2AE3C7EC00ACC7B9 /* FirebaseFunctions */ = {
			isa = XCSwiftPackageProductDependency;
			package = 5B45932E2AE3C7EC00ACC7B9 /* XCRemoteSwiftPackageReference "firebase-ios-sdk" */;
			productName = FirebaseFunctions;
		};
		5B45934F2AE3C7EC00ACC7B9 /* FirebaseFunctionsCombine-Community */ = {
			isa = XCSwiftPackageProductDependency;
			package = 5B45932E2AE3C7EC00ACC7B9 /* XCRemoteSwiftPackageReference "firebase-ios-sdk" */;
			productName = "FirebaseFunctionsCombine-Community";
		};
		5B4593512AE3C7EC00ACC7B9 /* FirebaseInAppMessaging-Beta */ = {
			isa = XCSwiftPackageProductDependency;
			package = 5B45932E2AE3C7EC00ACC7B9 /* XCRemoteSwiftPackageReference "firebase-ios-sdk" */;
			productName = "FirebaseInAppMessaging-Beta";
		};
		5B4593532AE3C7EC00ACC7B9 /* FirebaseInAppMessagingSwift-Beta */ = {
			isa = XCSwiftPackageProductDependency;
			package = 5B45932E2AE3C7EC00ACC7B9 /* XCRemoteSwiftPackageReference "firebase-ios-sdk" */;
			productName = "FirebaseInAppMessagingSwift-Beta";
		};
		5B4593552AE3C7EC00ACC7B9 /* FirebaseInstallations */ = {
			isa = XCSwiftPackageProductDependency;
			package = 5B45932E2AE3C7EC00ACC7B9 /* XCRemoteSwiftPackageReference "firebase-ios-sdk" */;
			productName = FirebaseInstallations;
		};
		5B4593572AE3C7EC00ACC7B9 /* FirebaseMLModelDownloader */ = {
			isa = XCSwiftPackageProductDependency;
			package = 5B45932E2AE3C7EC00ACC7B9 /* XCRemoteSwiftPackageReference "firebase-ios-sdk" */;
			productName = FirebaseMLModelDownloader;
		};
		5B4593592AE3C7EC00ACC7B9 /* FirebaseMessaging */ = {
			isa = XCSwiftPackageProductDependency;
			package = 5B45932E2AE3C7EC00ACC7B9 /* XCRemoteSwiftPackageReference "firebase-ios-sdk" */;
			productName = FirebaseMessaging;
		};
		5B45935B2AE3C7EC00ACC7B9 /* FirebasePerformance */ = {
			isa = XCSwiftPackageProductDependency;
			package = 5B45932E2AE3C7EC00ACC7B9 /* XCRemoteSwiftPackageReference "firebase-ios-sdk" */;
			productName = FirebasePerformance;
		};
		5B45935D2AE3C7EC00ACC7B9 /* FirebaseRemoteConfig */ = {
			isa = XCSwiftPackageProductDependency;
			package = 5B45932E2AE3C7EC00ACC7B9 /* XCRemoteSwiftPackageReference "firebase-ios-sdk" */;
			productName = FirebaseRemoteConfig;
		};
		5B45935F2AE3C7EC00ACC7B9 /* FirebaseRemoteConfigSwift */ = {
			isa = XCSwiftPackageProductDependency;
			package = 5B45932E2AE3C7EC00ACC7B9 /* XCRemoteSwiftPackageReference "firebase-ios-sdk" */;
			productName = FirebaseRemoteConfigSwift;
		};
		5B4593612AE3C7EC00ACC7B9 /* FirebaseStorage */ = {
			isa = XCSwiftPackageProductDependency;
			package = 5B45932E2AE3C7EC00ACC7B9 /* XCRemoteSwiftPackageReference "firebase-ios-sdk" */;
			productName = FirebaseStorage;
		};
		5B4593632AE3C7EC00ACC7B9 /* FirebaseStorageCombine-Community */ = {
			isa = XCSwiftPackageProductDependency;
			package = 5B45932E2AE3C7EC00ACC7B9 /* XCRemoteSwiftPackageReference "firebase-ios-sdk" */;
			productName = "FirebaseStorageCombine-Community";
		};
/* End XCSwiftPackageProductDependency section */
	};
	rootObject = 5B45930D2AE3C60500ACC7B9 /* Project object */;
}
